
Microsoft Visual Studio Solution File, Format Version 12.00
# Visual Studio Version 17
VisualStudioVersion = 17.13.35825.156 d17.13
MinimumVisualStudioVersion = 10.0.40219.1
Project("{FAE04EC0-301F-11D3-BF4B-00C04F79EFBC}") = "CRUDSystemPet", "CRUDSystemPet\CRUDSystemPet.csproj", "{6C96FBC1-40F1-4382-944B-718104F55CFE}"
EndProject
Global
	GlobalSection(SolutionConfigurationPlatforms) = preSolution
		Debug|Any CPU = Debug|Any CPU
		Release|Any CPU = Release|Any CPU
	EndGlobalSection
	GlobalSection(ProjectConfigurationPlatforms) = postSolution
		{6C96FBC1-40F1-4382-944B-718104F55CFE}.Debug|Any CPU.ActiveCfg = Debug|Any CPU
		{6C96FBC1-40F1-4382-944B-718104F55CFE}.Debug|Any CPU.Build.0 = Debug|Any CPU
		{6C96FBC1-40F1-4382-944B-718104F55CFE}.Release|Any CPU.ActiveCfg = Release|Any CPU
		{6C96FBC1-40F1-4382-944B-718104F55CFE}.Release|Any CPU.Build.0 = Release|Any CPU
	EndGlobalSection
	GlobalSection(SolutionProperties) = preSolution
		HideSolutionNode = FALSE
	EndGlobalSection
	GlobalSection(ExtensibilityGlobals) = postSolution
		SolutionGuid = {A84BE4DC-683F-47E1-89E3-323A0572D75A}
	EndGlobalSection
EndGlobal
